{
  "lockfileVersion": 1,
  "dependencies": {
    "ngx-infinite-scroll": {
      "version": "0.8.2",
      "resolved": "https://registry.npmjs.org/ngx-infinite-scroll/-/ngx-infinite-scroll-0.8.2.tgz",
      "integrity": "sha512-MtkfH/JL9f+nc+2Pv4QVYJwWNKCaW6ERSP0ZHtP2DfdJxDwWeHQA/nMrslBtOHkBy50fiBwuf1cDblXVk/H2Jw=="
    }
  }
}
